
Microsoft Visual Studio Solution File, Format Version 12.00
# Visual Studio Version 16
VisualStudioVersion = 16.0.30225.117
MinimumVisualStudioVersion = 10.0.40219.1
Project("{9092AA53-FB77-4645-B42D-1CCCA6BD08BD}") = "xyz", "xyz.njsproj", "{AE531E95-E8B8-4D26-AF13-A657E88EAAAA}"
EndProject
Global
	GlobalSection(SolutionConfigurationPlatforms) = preSolution
		Debug|Any CPU = Debug|Any CPU
		Release|Any CPU = Release|Any CPU
	EndGlobalSection
	GlobalSection(ProjectConfigurationPlatforms) = postSolution
		{AE531E95-E8B8-4D26-AF13-A657E88EAAAA}.Debug|Any CPU.ActiveCfg = Debug|Any CPU
		{AE531E95-E8B8-4D26-AF13-A657E88EAAAA}.Debug|Any CPU.Build.0 = Debug|Any CPU
		{AE531E95-E8B8-4D26-AF13-A657E88EAAAA}.Release|Any CPU.ActiveCfg = Release|Any CPU
		{AE531E95-E8B8-4D26-AF13-A657E88EAAAA}.Release|Any CPU.Build.0 = Release|Any CPU
	EndGlobalSection
	GlobalSection(SolutionProperties) = preSolution
		HideSolutionNode = FALSE
	EndGlobalSection
	GlobalSection(ExtensibilityGlobals) = postSolution
		SolutionGuid = {F0C3436F-D55E-4705-8E14-B5B9C09B87A8}
	EndGlobalSection
EndGlobal
